# This file is autogenerated, do not edit; changes may be undone by the next 'dep ensure'.


[[projects]]
  branch = "master"
  name = "github.com/donvito/gopkg"
  packages = ["githubstats"]
  revision = "f1be66300aaf8e66d28334a3e48fcff052430a32"

[solve-meta]
  analyzer-name = "dep"
  analyzer-version = 1
  inputs-digest = "45dcdbeb66c714eb7bf9992b6f16c5cb5a0a4e82ea8c1cd4e3a293458632625e"
  solver-name = "gps-cdcl"
  solver-version = 1
